Microsoft Visual Studio Solution File, Format Version 12.00
# Visual Studio Version 17
VisualStudioVersion = 17.5.2.0
MinimumVisualStudioVersion = 10.0.40219.1
Project("{FAE04EC0-301F-11D3-BF4B-00C04F79EFBC}") = "DetailingApi", "DetailingApi\DetailingApi.csproj", "{AE1A5ED7-7D1E-64CB-2234-3B23CA7B3D53}"
EndProject
Global
	GlobalSection(SolutionConfigurationPlatforms) = preSolution
		Debug|Any CPU = Debug|Any CPU
		Release|Any CPU = Release|Any CPU
	EndGlobalSection
	GlobalSection(ProjectConfigurationPlatforms) = postSolution
		{AE1A5ED7-7D1E-64CB-2234-3B23CA7B3D53}.Debug|Any CPU.ActiveCfg = Debug|Any CPU
		{AE1A5ED7-7D1E-64CB-2234-3B23CA7B3D53}.Debug|Any CPU.Build.0 = Debug|Any CPU
		{AE1A5ED7-7D1E-64CB-2234-3B23CA7B3D53}.Release|Any CPU.ActiveCfg = Release|Any CPU
		{AE1A5ED7-7D1E-64CB-2234-3B23CA7B3D53}.Release|Any CPU.Build.0 = Release|Any CPU
	EndGlobalSection
	GlobalSection(SolutionProperties) = preSolution
		HideSolutionNode = FALSE
	EndGlobalSection
	GlobalSection(ExtensibilityGlobals) = postSolution
		SolutionGuid = {72F14C9C-F0FC-48E9-83E9-06E40FB225F7}
	EndGlobalSection
EndGlobal
